
Microsoft Visual Studio Solution File, Format Version 12.00
# Visual Studio 2015
Project("{FAE04EC0-301F-11D3-BF4B-00C04F79EFBC}") = "Legacy-of-Dawn.CSharp.Plugins", "Legacy-of-Dawn.CSharp.Plugins.csproj", "{BB24E6A3-8736-F8C3-24E2-2EC1A4B4E012}"
EndProject
Project("{FAE04EC0-301F-11D3-BF4B-00C04F79EFBC}") = "Legacy-of-Dawn.CSharp", "Legacy-of-Dawn.CSharp.csproj", "{C8D4EA7F-1746-D59C-CD9A-760D1D19DDED}"
EndProject
Project("{FAE04EC0-301F-11D3-BF4B-00C04F79EFBC}") = "Legacy-of-Dawn.CSharp.Editor.Plugins", "Legacy-of-Dawn.CSharp.Editor.Plugins.csproj", "{2BD4AB0D-21F2-B39B-74E7-9981898D61A9}"
EndProject
Project("{FAE04EC0-301F-11D3-BF4B-00C04F79EFBC}") = "Legacy-of-Dawn.CSharp.Editor", "Legacy-of-Dawn.CSharp.Editor.csproj", "{2E5B3DBA-8A3F-B856-A03C-AABAFF6096C0}"
EndProject
Global
	GlobalSection(SolutionConfigurationPlatforms) = preSolution
		Debug|Any CPU = Debug|Any CPU
		Release|Any CPU = Release|Any CPU
	EndGlobalSection
	GlobalSection(ProjectConfigurationPlatforms) = postSolution
		{BB24E6A3-8736-F8C3-24E2-2EC1A4B4E012}.Debug|Any CPU.ActiveCfg = Debug|Any CPU
		{BB24E6A3-8736-F8C3-24E2-2EC1A4B4E012}.Debug|Any CPU.Build.0 = Debug|Any CPU
		{BB24E6A3-8736-F8C3-24E2-2EC1A4B4E012}.Release|Any CPU.ActiveCfg = Release|Any CPU
		{BB24E6A3-8736-F8C3-24E2-2EC1A4B4E012}.Release|Any CPU.Build.0 = Release|Any CPU
		{C8D4EA7F-1746-D59C-CD9A-760D1D19DDED}.Debug|Any CPU.ActiveCfg = Debug|Any CPU
		{C8D4EA7F-1746-D59C-CD9A-760D1D19DDED}.Debug|Any CPU.Build.0 = Debug|Any CPU
		{C8D4EA7F-1746-D59C-CD9A-760D1D19DDED}.Release|Any CPU.ActiveCfg = Release|Any CPU
		{C8D4EA7F-1746-D59C-CD9A-760D1D19DDED}.Release|Any CPU.Build.0 = Release|Any CPU
		{2BD4AB0D-21F2-B39B-74E7-9981898D61A9}.Debug|Any CPU.ActiveCfg = Debug|Any CPU
		{2BD4AB0D-21F2-B39B-74E7-9981898D61A9}.Debug|Any CPU.Build.0 = Debug|Any CPU
		{2BD4AB0D-21F2-B39B-74E7-9981898D61A9}.Release|Any CPU.ActiveCfg = Release|Any CPU
		{2BD4AB0D-21F2-B39B-74E7-9981898D61A9}.Release|Any CPU.Build.0 = Release|Any CPU
		{2E5B3DBA-8A3F-B856-A03C-AABAFF6096C0}.Debug|Any CPU.ActiveCfg = Debug|Any CPU
		{2E5B3DBA-8A3F-B856-A03C-AABAFF6096C0}.Debug|Any CPU.Build.0 = Debug|Any CPU
		{2E5B3DBA-8A3F-B856-A03C-AABAFF6096C0}.Release|Any CPU.ActiveCfg = Release|Any CPU
		{2E5B3DBA-8A3F-B856-A03C-AABAFF6096C0}.Release|Any CPU.Build.0 = Release|Any CPU
	EndGlobalSection
	GlobalSection(SolutionProperties) = preSolution
		HideSolutionNode = FALSE
	EndGlobalSection
EndGlobal
