Microsoft Visual Studio Solution File, Format Version 11.00
# Visual Studio 2008

Project("{6A2E3E09-3C6E-2227-7D4B-8B505160377F}") = "東方太陽残 ~ Legacy of Dawn", "Assembly-CSharp.csproj", "{F25F091C-542D-9D61-516C-F6EC81BA4F61}"
EndProject
Global
	GlobalSection(SolutionConfigurationPlatforms) = preSolution
		Debug|Any CPU = Debug|Any CPU
		Release|Any CPU = Release|Any CPU
	EndGlobalSection
	GlobalSection(ProjectConfigurationPlatforms) = postSolution
		{F25F091C-542D-9D61-516C-F6EC81BA4F61}.Debug|Any CPU.ActiveCfg = Debug|Any CPU
		{F25F091C-542D-9D61-516C-F6EC81BA4F61}.Debug|Any CPU.Build.0 = Debug|Any CPU
		{F25F091C-542D-9D61-516C-F6EC81BA4F61}.Release|Any CPU.ActiveCfg = Release|Any CPU
		{F25F091C-542D-9D61-516C-F6EC81BA4F61}.Release|Any CPU.Build.0 = Release|Any CPU
	EndGlobalSection
	GlobalSection(SolutionProperties) = preSolution
		HideSolutionNode = FALSE
	EndGlobalSection
	GlobalSection(MonoDevelopProperties) = preSolution
		StartupItem = Assembly-CSharp.csproj
	EndGlobalSection
EndGlobal
